// !$*UTF8*$!
{
	archiveVersion = 1;
	classes = {
	};
	objectVersion = 50;
	objects = {

/* Begin PBXBuildFile section */
		BAB468C4235CA6EF00047AAD /* YMDatePicker.h in Headers */ = {isa = PBXBuildFile; fileRef = BAB468C2235CA6EF00047AAD /* YMDatePicker.h */; settings = {ATTRIBUTES = (Public, ); }; };
		BAB468CB235CA76000047AAD /* YMDatePicker.swift in Sources */ = {isa = PBXBuildFile; fileRef = BAB468CA235CA76000047AAD /* YMDatePicker.swift */; };
		BAB468CD235CAC4C00047AAD /* YMDatePicker.xib in Resources */ = {isa = PBXBuildFile; fileRef = BAB468CC235CAC4C00047AAD /* YMDatePicker.xib */; };
		BAB468CF235CACF000047AAD /* YMCalendarCell.xib in Resources */ = {isa = PBXBuildFile; fileRef = BAB468CE235CACF000047AAD /* YMCalendarCell.xib */; };
		BAB468D1235CAF2400047AAD /* YMDatePicker+Calendar.swift in Sources */ = {isa = PBXBuildFile; fileRef = BAB468D0235CAF2400047AAD /* YMDatePicker+Calendar.swift */; };
		BAB468D3235CB5E500047AAD /* YMCalendarCell.swift in Sources */ = {isa = PBXBuildFile; fileRef = BAB468D2235CB5E500047AAD /* YMCalendarCell.swift */; };
/* End PBXBuildFile section */

/* Begin PBXFileReference section */
		BAB468BF235CA6EF00047AAD /* YMDatePicker.framework */ = {isa = PBXFileReference; explicitFileType = wrapper.framework; includeInIndex = 0; path = YMDatePicker.framework; sourceTree = BUILT_PRODUCTS_DIR; };
		BAB468C2235CA6EF00047AAD /* YMDatePicker.h */ = {isa = PBXFileReference; lastKnownFileType = sourcecode.c.h; path = YMDatePicker.h; sourceTree = "<group>"; };
		BAB468C3235CA6EF00047AAD /* Info.plist */ = {isa = PBXFileReference; lastKnownFileType = text.plist.xml; path = Info.plist; sourceTree = "<group>"; };
		BAB468CA235CA76000047AAD /* YMDatePicker.swift */ = {isa = PBXFileReference; lastKnownFileType = sourcecode.swift; path = YMDatePicker.swift; sourceTree = "<group>"; };
		BAB468CC235CAC4C00047AAD /* YMDatePicker.xib */ = {isa = PBXFileReference; lastKnownFileType = file.xib; path = YMDatePicker.xib; sourceTree = "<group>"; };
		BAB468CE235CACF000047AAD /* YMCalendarCell.xib */ = {isa = PBXFileReference; lastKnownFileType = file.xib; path = YMCalendarCell.xib; sourceTree = "<group>"; };
		BAB468D0235CAF2400047AAD /* YMDatePicker+Calendar.swift */ = {isa = PBXFileReference; lastKnownFileType = sourcecode.swift; path = "YMDatePicker+Calendar.swift"; sourceTree = "<group>"; };
		BAB468D2235CB5E500047AAD /* YMCalendarCell.swift */ = {isa = PBXFileReference; lastKnownFileType = sourcecode.swift; path = YMCalendarCell.swift; sourceTree = "<group>"; };
/* End PBXFileReference section */

/* Begin PBXFrameworksBuildPhase section */
		BAB468BC235CA6EF00047AAD /* Frameworks */ = {
			isa = PBXFrameworksBuildPhase;
			buildActionMask = 2147483647;
			files = (
			);
			runOnlyForDeploymentPostprocessing = 0;
		};
/* End PBXFrameworksBuildPhase section */

/* Begin PBXGroup section */
		BAB468B5235CA6EF00047AAD = {
			isa = PBXGroup;
			children = (
				BAB468C1235CA6EF00047AAD /* YMDatePicker */,
				BAB468C0235CA6EF00047AAD /* Products */,
			);
			sourceTree = "<group>";
		};
		BAB468C0235CA6EF00047AAD /* Products */ = {
			isa = PBXGroup;
			children = (
				BAB468BF235CA6EF00047AAD /* YMDatePicker.framework */,
			);
			name = Products;
			sourceTree = "<group>";
		};
		BAB468C1235CA6EF00047AAD /* YMDatePicker */ = {
			isa = PBXGroup;
			children = (
				BAB468C2235CA6EF00047AAD /* YMDatePicker.h */,
				BAB468C3235CA6EF00047AAD /* Info.plist */,
				BAB468CA235CA76000047AAD /* YMDatePicker.swift */,
				BAB468D0235CAF2400047AAD /* YMDatePicker+Calendar.swift */,
				BAB468CC235CAC4C00047AAD /* YMDatePicker.xib */,
				BAB468D2235CB5E500047AAD /* YMCalendarCell.swift */,
				BAB468CE235CACF000047AAD /* YMCalendarCell.xib */,
			);
			path = YMDatePicker;
			sourceTree = "<group>";
		};
/* End PBXGroup section */

/* Begin PBXHeadersBuildPhase section */
		BAB468BA235CA6EF00047AAD /* Headers */ = {
			isa = PBXHeadersBuildPhase;
			buildActionMask = 2147483647;
			files = (
				BAB468C4235CA6EF00047AAD /* YMDatePicker.h in Headers */,
			);
			runOnlyForDeploymentPostprocessing = 0;
		};
/* End PBXHeadersBuildPhase section */

/* Begin PBXNativeTarget section */
		BAB468BE235CA6EF00047AAD /* YMDatePicker */ = {
			isa = PBXNativeTarget;
			buildConfigurationList = BAB468C7235CA6EF00047AAD /* Build configuration list for PBXNativeTarget "YMDatePicker" */;
			buildPhases = (
				BAB468BA235CA6EF00047AAD /* Headers */,
				BAB468BB235CA6EF00047AAD /* Sources */,
				BAB468BC235CA6EF00047AAD /* Frameworks */,
				BAB468BD235CA6EF00047AAD /* Resources */,
			);
			buildRules = (
			);
			dependencies = (
			);
			name = YMDatePicker;
			productName = YMDatePicker;
			productReference = BAB468BF235CA6EF00047AAD /* YMDatePicker.framework */;
			productType = "com.apple.product-type.framework";
		};
/* End PBXNativeTarget section */

/* Begin PBXProject section */
		BAB468B6235CA6EF00047AAD /* Project object */ = {
			isa = PBXProject;
			attributes = {
				LastUpgradeCheck = 1100;
				TargetAttributes = {
					BAB468BE235CA6EF00047AAD = {
						CreatedOnToolsVersion = 11.0;
						LastSwiftMigration = 1100;
					};
				};
			};
			buildConfigurationList = BAB468B9235CA6EF00047AAD /* Build configuration list for PBXProject "YMDatePicker" */;
			compatibilityVersion = "Xcode 9.3";
			developmentRegion = en;
			hasScannedForEncodings = 0;
			knownRegions = (
				en,
				Base,
			);
			mainGroup = BAB468B5235CA6EF00047AAD;
			productRefGroup = BAB468C0235CA6EF00047AAD /* Products */;
			projectDirPath = "";
			projectRoot = "";
			targets = (
				BAB468BE235CA6EF00047AAD /* YMDatePicker */,
			);
		};
/* End PBXProject section */

/* Begin PBXResourcesBuildPhase section */
		BAB468BD235CA6EF00047AAD /* Resources */ = {
			isa = PBXResourcesBuildPhase;
			buildActionMask = 2147483647;
			files = (
				BAB468CD235CAC4C00047AAD /* YMDatePicker.xib in Resources */,
				BAB468CF235CACF000047AAD /* YMCalendarCell.xib in Resources */,
			);
			runOnlyForDeploymentPostprocessing = 0;
		};
/* End PBXResourcesBuildPhase section */

/* Begin PBXSourcesBuildPhase section */
		BAB468BB235CA6EF00047AAD /* Sources */ = {
			isa = PBXSourcesBuildPhase;
			buildActionMask = 2147483647;
			files = (
				BAB468D3235CB5E500047AAD /* YMCalendarCell.swift in Sources */,
				BAB468CB235CA76000047AAD /* YMDatePicker.swift in Sources */,
				BAB468D1235CAF2400047AAD /* YMDatePicker+Calendar.swift in Sources */,
			);
			runOnlyForDeploymentPostprocessing = 0;
		};
/* End PBXSourcesBuildPhase section */

/* Begin XCBuildConfiguration section */
		BAB468C5235CA6EF00047AAD /* Debug */ = {
			isa = XCBuildConfiguration;
			buildSettings = {
				ALWAYS_SEARCH_USER_PATHS = NO;
				CLANG_ANALYZER_NONNULL = YES;
				CLANG_ANALYZER_NUMBER_OBJECT_CONVERSION = YES_AGGRESSIVE;
				CLANG_CXX_LANGUAGE_STANDARD = "gnu++14";
				CLANG_CXX_LIBRARY = "libc++";
				CLANG_ENABLE_MODULES = YES;
				CLANG_ENABLE_OBJC_ARC = YES;
				CLANG_ENABLE_OBJC_WEAK = YES;
				CLANG_WARN_BLOCK_CAPTURE_AUTORELEASING = YES;
				CLANG_WARN_BOOL_CONVERSION = YES;
				CLANG_WARN_COMMA = YES;
				CLANG_WARN_CONSTANT_CONVERSION = YES;
				CLANG_WARN_DEPRECATED_OBJC_IMPLEMENTATIONS = YES;
				CLANG_WARN_DIRECT_OBJC_ISA_USAGE = YES_ERROR;
				CLANG_WARN_DOCUMENTATION_COMMENTS = YES;
				CLANG_WARN_EMPTY_BODY = YES;
				CLANG_WARN_ENUM_CONVERSION = YES;
				CLANG_WARN_INFINITE_RECURSION = YES;
				CLANG_WARN_INT_CONVERSION = YES;
				CLANG_WARN_NON_LITERAL_NULL_CONVERSION = YES;
				CLANG_WARN_OBJC_IMPLICIT_RETAIN_SELF = YES;
				CLANG_WARN_OBJC_LITERAL_CONVERSION = YES;
				CLANG_WARN_OBJC_ROOT_CLASS = YES_ERROR;
				CLANG_WARN_RANGE_LOOP_ANALYSIS = YES;
				CLANG_WARN_STRICT_PROTOTYPES = YES;
				CLANG_WARN_SUSPICIOUS_MOVE = YES;
				CLANG_WARN_UNGUARDED_AVAILABILITY = YES_AGGRESSIVE;
				CLANG_WARN_UNREACHABLE_CODE = YES;
				CLANG_WARN__DUPLICATE_METHOD_MATCH = YES;
				COPY_PHASE_STRIP = NO;
				CURRENT_PROJECT_VERSION = 1;
				DEBUG_INFORMATION_FORMAT = dwarf;
				ENABLE_STRICT_OBJC_MSGSEND = YES;
				ENABLE_TESTABILITY = YES;
				GCC_C_LANGUAGE_STANDARD = gnu11;
				GCC_DYNAMIC_NO_PIC = NO;
				GCC_NO_COMMON_BLOCKS = YES;
				GCC_OPTIMIZATION_LEVEL = 0;
				GCC_PREPROCESSOR_DEFINITIONS = (
					"DEBUG=1",
					"$(inherited)",
				);
				GCC_WARN_64_TO_32_BIT_CONVERSION = YES;
				GCC_WARN_ABOUT_RETURN_TYPE = YES_ERROR;
				GCC_WARN_UNDECLARED_SELECTOR = YES;
				GCC_WARN_UNINITIALIZED_AUTOS = YES_AGGRESSIVE;
				GCC_WARN_UNUSED_FUNCTION = YES;
				GCC_WARN_UNUSED_VARIABLE = YES;
				IPHONEOS_DEPLOYMENT_TARGET = 13.0;
				MTL_ENABLE_DEBUG_INFO = INCLUDE_SOURCE;
				MTL_FAST_MATH = YES;
				ONLY_ACTIVE_ARCH = YES;
				SDKROOT = iphoneos;
				SWIFT_ACTIVE_COMPILATION_CONDITIONS = DEBUG;
				SWIFT_OPTIMIZATION_LEVEL = "-Onone";
				VERSIONING_SYSTEM = "apple-generic";
				VERSION_INFO_PREFIX = "";
			};
			name = Debug;
		};
		BAB468C6235CA6EF00047AAD /* Release */ = {
			isa = XCBuildConfiguration;
			buildSettings = {
				ALWAYS_SEARCH_USER_PATHS = NO;
				CLANG_ANALYZER_NONNULL = YES;
				CLANG_ANALYZER_NUMBER_OBJECT_CONVERSION = YES_AGGRESSIVE;
				CLANG_CXX_LANGUAGE_STANDARD = "gnu++14";
				CLANG_CXX_LIBRARY = "libc++";
				CLANG_ENABLE_MODULES = YES;
				CLANG_ENABLE_OBJC_ARC = YES;
				CLANG_ENABLE_OBJC_WEAK = YES;
				CLANG_WARN_BLOCK_CAPTURE_AUTORELEASING = YES;
				CLANG_WARN_BOOL_CONVERSION = YES;
				CLANG_WARN_COMMA = YES;
				CLANG_WARN_CONSTANT_CONVERSION = YES;
				CLANG_WARN_DEPRECATED_OBJC_IMPLEMENTATIONS = YES;
				CLANG_WARN_DIRECT_OBJC_ISA_USAGE = YES_ERROR;
				CLANG_WARN_DOCUMENTATION_COMMENTS = YES;
				CLANG_WARN_EMPTY_BODY = YES;
				CLANG_WARN_ENUM_CONVERSION = YES;
				CLANG_WARN_INFINITE_RECURSION = YES;
				CLANG_WARN_INT_CONVERSION = YES;
				CLANG_WARN_NON_LITERAL_NULL_CONVERSION = YES;
				CLANG_WARN_OBJC_IMPLICIT_RETAIN_SELF = YES;
				CLANG_WARN_OBJC_LITERAL_CONVERSION = YES;
				CLANG_WARN_OBJC_ROOT_CLASS = YES_ERROR;
				CLANG_WARN_RANGE_LOOP_ANALYSIS = YES;
				CLANG_WARN_STRICT_PROTOTYPES = YES;
				CLANG_WARN_SUSPICIOUS_MOVE = YES;
				CLANG_WARN_UNGUARDED_AVAILABILITY = YES_AGGRESSIVE;
				CLANG_WARN_UNREACHABLE_CODE = YES;
				CLANG_WARN__DUPLICATE_METHOD_MATCH = YES;
				COPY_PHASE_STRIP = NO;
				CURRENT_PROJECT_VERSION = 1;
				DEBUG_INFORMATION_FORMAT = "dwarf-with-dsym";
				ENABLE_NS_ASSERTIONS = NO;
				ENABLE_STRICT_OBJC_MSGSEND = YES;
				GCC_C_LANGUAGE_STANDARD = gnu11;
				GCC_NO_COMMON_BLOCKS = YES;
				GCC_WARN_64_TO_32_BIT_CONVERSION = YES;
				GCC_WARN_ABOUT_RETURN_TYPE = YES_ERROR;
				GCC_WARN_UNDECLARED_SELECTOR = YES;
				GCC_WARN_UNINITIALIZED_AUTOS = YES_AGGRESSIVE;
				GCC_WARN_UNUSED_FUNCTION = YES;
				GCC_WARN_UNUSED_VARIABLE = YES;
				IPHONEOS_DEPLOYMENT_TARGET = 13.0;
				MTL_ENABLE_DEBUG_INFO = NO;
				MTL_FAST_MATH = YES;
				SDKROOT = iphoneos;
				SWIFT_COMPILATION_MODE = wholemodule;
				SWIFT_OPTIMIZATION_LEVEL = "-O";
				VALIDATE_PRODUCT = YES;
				VERSIONING_SYSTEM = "apple-generic";
				VERSION_INFO_PREFIX = "";
			};
			name = Release;
		};
		BAB468C8235CA6EF00047AAD /* Debug */ = {
			isa = XCBuildConfiguration;
			buildSettings = {
				CLANG_ENABLE_MODULES = YES;
				CODE_SIGN_STYLE = Automatic;
				DEFINES_MODULE = YES;
				DEVELOPMENT_TEAM = WSAUVM3XKG;
				DYLIB_COMPATIBILITY_VERSION = 1;
				DYLIB_CURRENT_VERSION = 1;
				DYLIB_INSTALL_NAME_BASE = "@rpath";
				INFOPLIST_FILE = YMDatePicker/Info.plist;
				INSTALL_PATH = "$(LOCAL_LIBRARY_DIR)/Frameworks";
				LD_RUNPATH_SEARCH_PATHS = (
					"$(inherited)",
					"@executable_path/Frameworks",
					"@loader_path/Frameworks",
				);
				PRODUCT_BUNDLE_IDENTIFIER = com.YMDatePicker;
				PRODUCT_NAME = "$(TARGET_NAME:c99extidentifier)";
				SKIP_INSTALL = YES;
				SWIFT_OPTIMIZATION_LEVEL = "-Onone";
				SWIFT_VERSION = 5.0;
				TARGETED_DEVICE_FAMILY = "1,2";
			};
			name = Debug;
		};
		BAB468C9235CA6EF00047AAD /* Release */ = {
			isa = XCBuildConfiguration;
			buildSettings = {
				CLANG_ENABLE_MODULES = YES;
				CODE_SIGN_STYLE = Automatic;
				DEFINES_MODULE = YES;
				DEVELOPMENT_TEAM = WSAUVM3XKG;
				DYLIB_COMPATIBILITY_VERSION = 1;
				DYLIB_CURRENT_VERSION = 1;
				DYLIB_INSTALL_NAME_BASE = "@rpath";
				INFOPLIST_FILE = YMDatePicker/Info.plist;
				INSTALL_PATH = "$(LOCAL_LIBRARY_DIR)/Frameworks";
				LD_RUNPATH_SEARCH_PATHS = (
					"$(inherited)",
					"@executable_path/Frameworks",
					"@loader_path/Frameworks",
				);
				PRODUCT_BUNDLE_IDENTIFIER = com.YMDatePicker;
				PRODUCT_NAME = "$(TARGET_NAME:c99extidentifier)";
				SKIP_INSTALL = YES;
				SWIFT_VERSION = 5.0;
				TARGETED_DEVICE_FAMILY = "1,2";
			};
			name = Release;
		};
/* End XCBuildConfiguration section */

/* Begin XCConfigurationList section */
		BAB468B9235CA6EF00047AAD /* Build configuration list for PBXProject "YMDatePicker" */ = {
			isa = XCConfigurationList;
			buildConfigurations = (
				BAB468C5235CA6EF00047AAD /* Debug */,
				BAB468C6235CA6EF00047AAD /* Release */,
			);
			defaultConfigurationIsVisible = 0;
			defaultConfigurationName = Release;
		};
		BAB468C7235CA6EF00047AAD /* Build configuration list for PBXNativeTarget "YMDatePicker" */ = {
			isa = XCConfigurationList;
			buildConfigurations = (
				BAB468C8235CA6EF00047AAD /* Debug */,
				BAB468C9235CA6EF00047AAD /* Release */,
			);
			defaultConfigurationIsVisible = 0;
			defaultConfigurationName = Release;
		};
/* End XCConfigurationList section */
	};
	rootObject = BAB468B6235CA6EF00047AAD /* Project object */;
}
